{
  "name": "mini-platformer-chrome-extension",
  "version": "1.0.0",
  "lockfileVersion": 3,
  "requires": true,
  "packages": {
    "": {
      "name": "mini-platformer-chrome-extension",
      "version": "1.0.0",
      "license": "MIT",
      "dependencies": {
        "phaser": "^3.60.0"
      },
      "devDependencies": {
        "@poki/phaser-3": "^0.0.5"
      },
      "engines": {
        "node": ">=14.0.0"
      }
    },
    "node_modules/@poki/phaser-3": {
      "version": "0.0.5",
      "resolved": "https://registry.npmjs.org/@poki/phaser-3/-/phaser-3-0.0.5.tgz",
      "integrity": "sha512-VqUecuPcTsQ7KB8gnQ5KBl+Ar+eudhXC3WAHXOMkzX/ZsJsygt7kljUgbXyCh/LcGH8S+hR9HApuB+keRAPjxw==",
      "dev": true,
      "license": "ISC",
      "dependencies": {
        "phaser": "^3.55.2"
      }
    },
    "node_modules/eventemitter3": {
      "version": "5.0.1",
      "resolved": "https://registry.npmjs.org/eventemitter3/-/eventemitter3-5.0.1.tgz",
      "integrity": "sha512-GWkBvjiSZK87ELrYOSESUYeVIc9mvLLf/nXalMOS5dYrgZq9o5OVkbZAVM06CVxYsCwH9BDZFPlQTlPA1j4ahA==",
      "license": "MIT"
    },
    "node_modules/phaser": {
      "version": "3.60.0",
      "resolved": "https://registry.npmjs.org/phaser/-/phaser-3.60.0.tgz",
      "integrity": "sha512-IKUy35EnoEVcl2EmJ8WOyK4X8OoxHYdlhZLgRGpNrvD1fEagYffhVmwHcapE/tGiLgyrnezmXIo5RrH2NcrTHw==",
      "license": "MIT",
      "dependencies": {
        "eventemitter3": "^5.0.0"
      }
    }
  }
}
